<?xml version="1.0" encoding="utf-8"?>
<Project ToolsVersion="4.0" xmlns="http://schemas.microsoft.com/developer/msbuild/2003">
  <ItemGroup>
    <ClCompile Include="Src\Object\JobData.cpp" />
    <ClCompile Include="Src\Object\PlayerStatus.cpp" />
    <ClCompile Include="Src\Application.cpp" />
    <ClCompile Include="Src\Common\Fader.cpp" />
    <ClCompile Include="Src\Common\Vector2.cpp" />
    <ClCompile Include="Src\Common\Vector2F.cpp" />
    <ClCompile Include="Src\main.cpp" />
    <ClCompile Include="Src\Manager\FontManager.cpp" />
    <ClCompile Include="Src\Manager\InputManager.cpp" />
    <ClCompile Include="Src\Manager\Resource.cpp" />
    <ClCompile Include="Src\Manager\ResourceManager.cpp" />
    <ClCompile Include="Src\Manager\SceneManager.cpp" />
    <ClCompile Include="Src\Manager\Sound.cpp" />
    <ClCompile Include="Src\Manager\SoundManager.cpp" />
    <ClCompile Include="Src\Object\Common\Pause.cpp" />
    <ClCompile Include="Src\Object\Common\UIPanel.cpp" />
    <ClCompile Include="Src\Scene\ClearScene.cpp" />
    <ClCompile Include="Src\Scene\SceneBase.cpp" />
    <ClCompile Include="Src\Scene\GameScene.cpp" />
    <ClCompile Include="Src\Scene\OverScene.cpp" />
    <ClCompile Include="Src\Scene\TitleScene.cpp" />
    <ClCompile Include="Src\Utility\AsoUtility.cpp" />
    <ClCompile Include="Src\Object\Enemy.cpp" />
    <ClCompile Include="Src\Object\MagicDataBase.cpp" />
    <ClCompile Include="Src\Object\Stage.cpp" />
    <ClCompile Include="Src\Scene\Phase\StoryPhase.cpp" />
    <ClCompile Include="Src\Scene\Phase\BattlePhase.cpp" />
    <ClCompile Include="Src\Scene\Phase\PhaseBase.cpp" />
  </ItemGroup>
  <ItemGroup>
    <ClInclude Include="Src\Object\JobData.h" />
    <ClInclude Include="Src\Object\PlayerStatus.h" />
    <ClInclude Include="Src\Application.h" />
    <ClInclude Include="Src\Common\Color.h" />
    <ClInclude Include="Src\Common\Fader.h" />
    <ClInclude Include="Src\Common\Vector2.h" />
    <ClInclude Include="Src\Common\Vector2F.h" />
    <ClInclude Include="Src\main.h" />
    <ClInclude Include="Src\Manager\FontManager.h" />
    <ClInclude Include="Src\Manager\InputManager.h" />
    <ClInclude Include="Src\Manager\Resource.h" />
    <ClInclude Include="Src\Manager\ResourceManager.h" />
    <ClInclude Include="Src\Manager\SceneManager.h" />
    <ClInclude Include="Src\Manager\Sound.h" />
    <ClInclude Include="Src\Manager\SoundManager.h" />
    <ClInclude Include="Src\Object\Common\Pause.h" />
    <ClInclude Include="Src\Object\Common\UIPanel.h" />
    <ClInclude Include="Src\Scene\ClearScene.h" />
    <ClInclude Include="Src\Scene\SceneBase.h" />
    <ClInclude Include="Src\Scene\GameScene.h" />
    <ClInclude Include="Src\Scene\OverScene.h" />
    <ClInclude Include="Src\Scene\TitleScene.h" />
    <ClInclude Include="Src\Utility\AsoUtility.h" />
    <ClInclude Include="Src\Object\Enemy.h" />
    <ClInclude Include="Src\Object\MagicDataBase.h" />
    <ClInclude Include="Src\Object\Stage.h" />
    <ClInclude Include="Src\Scene\Phase\StoryPhase.h" />
    <ClInclude Include="Src\Scene\Phase\BattlePhase.h" />
    <ClInclude Include="Src\Scene\Phase\PhaseBase.h" />
  </ItemGroup>
</Project>